
Microsoft Visual Studio Solution File, Format Version 12.00
Project("{FAE04EC0-301F-11D3-BF4B-00C04F79EFBC}") = "BlastFromThePast", "BlastFromThePast\BlastFromThePast.csproj", "{457B7B68-1C48-4DBA-BFEB-60861EFA41FD}"
EndProject
Project("{FAE04EC0-301F-11D3-BF4B-00C04F79EFBC}") = "BlastFromThePast.Data", "BlastFromThePast.Data\BlastFromThePast.Data.csproj", "{5BE4D7C2-B678-45E9-B447-2F6DBFA6598D}"
EndProject
Global
	GlobalSection(SolutionConfigurationPlatforms) = preSolution
		Debug|Any CPU = Debug|Any CPU
		Release|Any CPU = Release|Any CPU
	EndGlobalSection
	GlobalSection(ProjectConfigurationPlatforms) = postSolution
		{457B7B68-1C48-4DBA-BFEB-60861EFA41FD}.Debug|Any CPU.ActiveCfg = Debug|Any CPU
		{457B7B68-1C48-4DBA-BFEB-60861EFA41FD}.Debug|Any CPU.Build.0 = Debug|Any CPU
		{457B7B68-1C48-4DBA-BFEB-60861EFA41FD}.Release|Any CPU.ActiveCfg = Release|Any CPU
		{457B7B68-1C48-4DBA-BFEB-60861EFA41FD}.Release|Any CPU.Build.0 = Release|Any CPU
		{5BE4D7C2-B678-45E9-B447-2F6DBFA6598D}.Debug|Any CPU.ActiveCfg = Debug|Any CPU
		{5BE4D7C2-B678-45E9-B447-2F6DBFA6598D}.Debug|Any CPU.Build.0 = Debug|Any CPU
		{5BE4D7C2-B678-45E9-B447-2F6DBFA6598D}.Release|Any CPU.ActiveCfg = Release|Any CPU
		{5BE4D7C2-B678-45E9-B447-2F6DBFA6598D}.Release|Any CPU.Build.0 = Release|Any CPU
	EndGlobalSection
EndGlobal
